
Microsoft Visual Studio Solution File, Format Version 12.00
# Visual Studio Version 17
VisualStudioVersion = 17.1.32210.238
MinimumVisualStudioVersion = 10.0.40219.1
Project("{FAE04EC0-301F-11D3-BF4B-00C04F79EFBC}") = "BubbleSort", "BubbleSort\BubbleSort.csproj", "{1A5FD8EE-6629-4303-AA6C-F91D7C3978DC}"
EndProject
Global
	GlobalSection(SolutionConfigurationPlatforms) = preSolution
		Debug|Any CPU = Debug|Any CPU
		Release|Any CPU = Release|Any CPU
	EndGlobalSection
	GlobalSection(ProjectConfigurationPlatforms) = postSolution
		{1A5FD8EE-6629-4303-AA6C-F91D7C3978DC}.Debug|Any CPU.ActiveCfg = Debug|Any CPU
		{1A5FD8EE-6629-4303-AA6C-F91D7C3978DC}.Debug|Any CPU.Build.0 = Debug|Any CPU
		{1A5FD8EE-6629-4303-AA6C-F91D7C3978DC}.Release|Any CPU.ActiveCfg = Release|Any CPU
		{1A5FD8EE-6629-4303-AA6C-F91D7C3978DC}.Release|Any CPU.Build.0 = Release|Any CPU
	EndGlobalSection
	GlobalSection(SolutionProperties) = preSolution
		HideSolutionNode = FALSE
	EndGlobalSection
	GlobalSection(ExtensibilityGlobals) = postSolution
		SolutionGuid = {DA6F2C9F-B022-4C48-A44D-BFA2A0321B6E}
	EndGlobalSection
EndGlobal
